
Microsoft Visual Studio Solution File, Format Version 12.00
Project("{2150E333-8FDC-42A3-9474-1A3956D46DE8}") = "tests", "tests", "{2C4A5C3A-8692-4149-A158-CA2A215E1FAB}"
EndProject
Project("{2150E333-8FDC-42A3-9474-1A3956D46DE8}") = "src", "src", "{4E5B106D-BFDC-4655-A581-81E5D1EA4480}"
EndProject
Project("{FAE04EC0-301F-11D3-BF4B-00C04F79EFBC}") = "RabbitFlow.Core.Tests", "tests\RabbitFlow.Core.Tests\RabbitFlow.Core.Tests.csproj", "{D081EE95-6855-4346-850C-B2B8D789F2D7}"
EndProject
Project("{FAE04EC0-301F-11D3-BF4B-00C04F79EFBC}") = "RabbitFlow.Core", "src\RabbitFlow.Core\RabbitFlow.Core.csproj", "{450DFDC5-95E4-4C13-9BAF-F425E91A00E7}"
EndProject
Project("{FAE04EC0-301F-11D3-BF4B-00C04F79EFBC}") = "RabbitFlow.Transport", "src\RabbitFlow.Transport\RabbitFlow.Transport.csproj", "{EC4E5A33-F108-4800-B3EA-B562DAF040DF}"
EndProject
Project("{FAE04EC0-301F-11D3-BF4B-00C04F79EFBC}") = "RabbitFlow.Runtime", "src\RabbitFlow.Runtime\RabbitFlow.Runtime.csproj", "{16406890-B0D7-4E52-A747-653F014024F3}"
EndProject
Project("{FAE04EC0-301F-11D3-BF4B-00C04F79EFBC}") = "RabbitFlow.Host", "src\RabbitFlow.Host\RabbitFlow.Host.csproj", "{FA12EA94-102A-4E3D-A16B-253262D5963D}"
EndProject
Global
	GlobalSection(SolutionConfigurationPlatforms) = preSolution
		Debug|Any CPU = Debug|Any CPU
		Release|Any CPU = Release|Any CPU
	EndGlobalSection
	GlobalSection(ProjectConfigurationPlatforms) = postSolution
		{D081EE95-6855-4346-850C-B2B8D789F2D7}.Debug|Any CPU.ActiveCfg = Debug|Any CPU
		{D081EE95-6855-4346-850C-B2B8D789F2D7}.Debug|Any CPU.Build.0 = Debug|Any CPU
		{D081EE95-6855-4346-850C-B2B8D789F2D7}.Release|Any CPU.ActiveCfg = Release|Any CPU
		{D081EE95-6855-4346-850C-B2B8D789F2D7}.Release|Any CPU.Build.0 = Release|Any CPU
		{450DFDC5-95E4-4C13-9BAF-F425E91A00E7}.Debug|Any CPU.ActiveCfg = Debug|Any CPU
		{450DFDC5-95E4-4C13-9BAF-F425E91A00E7}.Debug|Any CPU.Build.0 = Debug|Any CPU
		{450DFDC5-95E4-4C13-9BAF-F425E91A00E7}.Release|Any CPU.ActiveCfg = Release|Any CPU
		{450DFDC5-95E4-4C13-9BAF-F425E91A00E7}.Release|Any CPU.Build.0 = Release|Any CPU
		{EC4E5A33-F108-4800-B3EA-B562DAF040DF}.Debug|Any CPU.ActiveCfg = Debug|Any CPU
		{EC4E5A33-F108-4800-B3EA-B562DAF040DF}.Debug|Any CPU.Build.0 = Debug|Any CPU
		{EC4E5A33-F108-4800-B3EA-B562DAF040DF}.Release|Any CPU.ActiveCfg = Release|Any CPU
		{EC4E5A33-F108-4800-B3EA-B562DAF040DF}.Release|Any CPU.Build.0 = Release|Any CPU
		{16406890-B0D7-4E52-A747-653F014024F3}.Debug|Any CPU.ActiveCfg = Debug|Any CPU
		{16406890-B0D7-4E52-A747-653F014024F3}.Debug|Any CPU.Build.0 = Debug|Any CPU
		{16406890-B0D7-4E52-A747-653F014024F3}.Release|Any CPU.ActiveCfg = Release|Any CPU
		{16406890-B0D7-4E52-A747-653F014024F3}.Release|Any CPU.Build.0 = Release|Any CPU
		{FA12EA94-102A-4E3D-A16B-253262D5963D}.Debug|Any CPU.ActiveCfg = Debug|Any CPU
		{FA12EA94-102A-4E3D-A16B-253262D5963D}.Debug|Any CPU.Build.0 = Debug|Any CPU
		{FA12EA94-102A-4E3D-A16B-253262D5963D}.Release|Any CPU.ActiveCfg = Release|Any CPU
		{FA12EA94-102A-4E3D-A16B-253262D5963D}.Release|Any CPU.Build.0 = Release|Any CPU
	EndGlobalSection
	GlobalSection(NestedProjects) = preSolution
		{D081EE95-6855-4346-850C-B2B8D789F2D7} = {2C4A5C3A-8692-4149-A158-CA2A215E1FAB}
		{450DFDC5-95E4-4C13-9BAF-F425E91A00E7} = {4E5B106D-BFDC-4655-A581-81E5D1EA4480}
		{EC4E5A33-F108-4800-B3EA-B562DAF040DF} = {4E5B106D-BFDC-4655-A581-81E5D1EA4480}
		{16406890-B0D7-4E52-A747-653F014024F3} = {4E5B106D-BFDC-4655-A581-81E5D1EA4480}
		{FA12EA94-102A-4E3D-A16B-253262D5963D} = {4E5B106D-BFDC-4655-A581-81E5D1EA4480}
	EndGlobalSection
EndGlobal
